// !$*UTF8*$!
{
	archiveVersion = 1;
	classes = {
	};
	objectVersion = 46;
	objects = {

/* Begin PBXBuildFile section */
		F3A99A161AA0780F00A0FD21 /* main.m in Sources */ = {isa = PBXBuildFile; fileRef = F3A99A151AA0780F00A0FD21 /* main.m */; };
		F3A99A191AA0780F00A0FD21 /* AppDelegate.m in Sources */ = {isa = PBXBuildFile; fileRef = F3A99A181AA0780F00A0FD21 /* AppDelegate.m */; };
		F3A99A1C1AA0780F00A0FD21 /* ViewController.m in Sources */ = {isa = PBXBuildFile; fileRef = F3A99A1B1AA0780F00A0FD21 /* ViewController.m */; };
		F3A99A1F1AA0780F00A0FD21 /* Main.storyboard in Resources */ = {isa = PBXBuildFile; fileRef = F3A99A1D1AA0780F00A0FD21 /* Main.storyboard */; };
		F3A99A211AA0780F00A0FD21 /* Images.xcassets in Resources */ = {isa = PBXBuildFile; fileRef = F3A99A201AA0780F00A0FD21 /* Images.xcassets */; };
		F3A99A241AA0780F00A0FD21 /* LaunchScreen.xib in Resources */ = {isa = PBXBuildFile; fileRef = F3A99A221AA0780F00A0FD21 /* LaunchScreen.xib */; };
		F3A99A301AA0780F00A0FD21 /* BDInfiniteLabelTests.m in Sources */ = {isa = PBXBuildFile; fileRef = F3A99A2F1AA0780F00A0FD21 /* BDInfiniteLabelTests.m */; };
		F3A99A3B1AA0784500A0FD21 /* BDInfiniteLabel.m in Sources */ = {isa = PBXBuildFile; fileRef = F3A99A3A1AA0784500A0FD21 /* BDInfiniteLabel.m */; };
/* End PBXBuildFile section */

/* Begin PBXContainerItemProxy section */
		F3A99A2A1AA0780F00A0FD21 /* PBXContainerItemProxy */ = {
			isa = PBXContainerItemProxy;
			containerPortal = F3A99A081AA0780F00A0FD21 /* Project object */;
			proxyType = 1;
			remoteGlobalIDString = F3A99A0F1AA0780F00A0FD21;
			remoteInfo = BDInfiniteLabel;
		};
/* End PBXContainerItemProxy section */

/* Begin PBXFileReference section */
		F3A99A101AA0780F00A0FD21 /* BDInfiniteLabel.app */ = {isa = PBXFileReference; explicitFileType = wrapper.application; includeInIndex = 0; path = BDInfiniteLabel.app; sourceTree = BUILT_PRODUCTS_DIR; };
		F3A99A141AA0780F00A0FD21 /* Info.plist */ = {isa = PBXFileReference; lastKnownFileType = text.plist.xml; path = Info.plist; sourceTree = "<group>"; };
		F3A99A151AA0780F00A0FD21 /* main.m */ = {isa = PBXFileReference; lastKnownFileType = sourcecode.c.objc; path = main.m; sourceTree = "<group>"; };
		F3A99A171AA0780F00A0FD21 /* AppDelegate.h */ = {isa = PBXFileReference; lastKnownFileType = sourcecode.c.h; path = AppDelegate.h; sourceTree = "<group>"; };
		F3A99A181AA0780F00A0FD21 /* AppDelegate.m */ = {isa = PBXFileReference; lastKnownFileType = sourcecode.c.objc; path = AppDelegate.m; sourceTree = "<group>"; };
		F3A99A1A1AA0780F00A0FD21 /* ViewController.h */ = {isa = PBXFileReference; lastKnownFileType = sourcecode.c.h; path = ViewController.h; sourceTree = "<group>"; };
		F3A99A1B1AA0780F00A0FD21 /* ViewController.m */ = {isa = PBXFileReference; lastKnownFileType = sourcecode.c.objc; path = ViewController.m; sourceTree = "<group>"; };
		F3A99A1E1AA0780F00A0FD21 /* Base */ = {isa = PBXFileReference; lastKnownFileType = file.storyboard; name = Base; path = Base.lproj/Main.storyboard; sourceTree = "<group>"; };
		F3A99A201AA0780F00A0FD21 /* Images.xcassets */ = {isa = PBXFileReference; lastKnownFileType = folder.assetcatalog; path = Images.xcassets; sourceTree = "<group>"; };
		F3A99A231AA0780F00A0FD21 /* Base */ = {isa = PBXFileReference; lastKnownFileType = file.xib; name = Base; path = Base.lproj/LaunchScreen.xib; sourceTree = "<group>"; };
		F3A99A291AA0780F00A0FD21 /* BDInfiniteLabelTests.xctest */ = {isa = PBXFileReference; explicitFileType = wrapper.cfbundle; includeInIndex = 0; path = BDInfiniteLabelTests.xctest; sourceTree = BUILT_PRODUCTS_DIR; };
		F3A99A2E1AA0780F00A0FD21 /* Info.plist */ = {isa = PBXFileReference; lastKnownFileType = text.plist.xml; path = Info.plist; sourceTree = "<group>"; };
		F3A99A2F1AA0780F00A0FD21 /* BDInfiniteLabelTests.m */ = {isa = PBXFileReference; lastKnownFileType = sourcecode.c.objc; path = BDInfiniteLabelTests.m; sourceTree = "<group>"; };
		F3A99A391AA0784500A0FD21 /* BDInfiniteLabel.h */ = {isa = PBXFileReference; fileEncoding = 4; lastKnownFileType = sourcecode.c.h; name = BDInfiniteLabel.h; path = Classes/BDInfiniteLabel.h; sourceTree = "<group>"; };
		F3A99A3A1AA0784500A0FD21 /* BDInfiniteLabel.m */ = {isa = PBXFileReference; fileEncoding = 4; lastKnownFileType = sourcecode.c.objc; name = BDInfiniteLabel.m; path = Classes/BDInfiniteLabel.m; sourceTree = "<group>"; };
/* End PBXFileReference section */

/* Begin PBXFrameworksBuildPhase section */
		F3A99A0D1AA0780F00A0FD21 /* Frameworks */ = {
			isa = PBXFrameworksBuildPhase;
			buildActionMask = 2147483647;
			files = (
			);
			runOnlyForDeploymentPostprocessing = 0;
		};
		F3A99A261AA0780F00A0FD21 /* Frameworks */ = {
			isa = PBXFrameworksBuildPhase;
			buildActionMask = 2147483647;
			files = (
			);
			runOnlyForDeploymentPostprocessing = 0;
		};
/* End PBXFrameworksBuildPhase section */

/* Begin PBXGroup section */
		F3A99A071AA0780F00A0FD21 = {
			isa = PBXGroup;
			children = (
				F3A99A121AA0780F00A0FD21 /* BDInfiniteLabel */,
				F3A99A2C1AA0780F00A0FD21 /* BDInfiniteLabelTests */,
				F3A99A111AA0780F00A0FD21 /* Products */,
			);
			sourceTree = "<group>";
		};
		F3A99A111AA0780F00A0FD21 /* Products */ = {
			isa = PBXGroup;
			children = (
				F3A99A101AA0780F00A0FD21 /* BDInfiniteLabel.app */,
				F3A99A291AA0780F00A0FD21 /* BDInfiniteLabelTests.xctest */,
			);
			name = Products;
			sourceTree = "<group>";
		};
		F3A99A121AA0780F00A0FD21 /* BDInfiniteLabel */ = {
			isa = PBXGroup;
			children = (
				F3A99A3C1AA08DD600A0FD21 /* Classes */,
				F3A99A171AA0780F00A0FD21 /* AppDelegate.h */,
				F3A99A181AA0780F00A0FD21 /* AppDelegate.m */,
				F3A99A1A1AA0780F00A0FD21 /* ViewController.h */,
				F3A99A1B1AA0780F00A0FD21 /* ViewController.m */,
				F3A99A1D1AA0780F00A0FD21 /* Main.storyboard */,
				F3A99A201AA0780F00A0FD21 /* Images.xcassets */,
				F3A99A221AA0780F00A0FD21 /* LaunchScreen.xib */,
				F3A99A131AA0780F00A0FD21 /* Supporting Files */,
			);
			path = BDInfiniteLabel;
			sourceTree = "<group>";
		};
		F3A99A131AA0780F00A0FD21 /* Supporting Files */ = {
			isa = PBXGroup;
			children = (
				F3A99A141AA0780F00A0FD21 /* Info.plist */,
				F3A99A151AA0780F00A0FD21 /* main.m */,
			);
			name = "Supporting Files";
			sourceTree = "<group>";
		};
		F3A99A2C1AA0780F00A0FD21 /* BDInfiniteLabelTests */ = {
			isa = PBXGroup;
			children = (
				F3A99A2F1AA0780F00A0FD21 /* BDInfiniteLabelTests.m */,
				F3A99A2D1AA0780F00A0FD21 /* Supporting Files */,
			);
			path = BDInfiniteLabelTests;
			sourceTree = "<group>";
		};
		F3A99A2D1AA0780F00A0FD21 /* Supporting Files */ = {
			isa = PBXGroup;
			children = (
				F3A99A2E1AA0780F00A0FD21 /* Info.plist */,
			);
			name = "Supporting Files";
			sourceTree = "<group>";
		};
		F3A99A3C1AA08DD600A0FD21 /* Classes */ = {
			isa = PBXGroup;
			children = (
				F3A99A391AA0784500A0FD21 /* BDInfiniteLabel.h */,
				F3A99A3A1AA0784500A0FD21 /* BDInfiniteLabel.m */,
			);
			name = Classes;
			sourceTree = "<group>";
		};
/* End PBXGroup section */

/* Begin PBXNativeTarget section */
		F3A99A0F1AA0780F00A0FD21 /* BDInfiniteLabel */ = {
			isa = PBXNativeTarget;
			buildConfigurationList = F3A99A331AA0780F00A0FD21 /* Build configuration list for PBXNativeTarget "BDInfiniteLabel" */;
			buildPhases = (
				F3A99A0C1AA0780F00A0FD21 /* Sources */,
				F3A99A0D1AA0780F00A0FD21 /* Frameworks */,
				F3A99A0E1AA0780F00A0FD21 /* Resources */,
			);
			buildRules = (
			);
			dependencies = (
			);
			name = BDInfiniteLabel;
			productName = BDInfiniteLabel;
			productReference = F3A99A101AA0780F00A0FD21 /* BDInfiniteLabel.app */;
			productType = "com.apple.product-type.application";
		};
		F3A99A281AA0780F00A0FD21 /* BDInfiniteLabelTests */ = {
			isa = PBXNativeTarget;
			buildConfigurationList = F3A99A361AA0780F00A0FD21 /* Build configuration list for PBXNativeTarget "BDInfiniteLabelTests" */;
			buildPhases = (
				F3A99A251AA0780F00A0FD21 /* Sources */,
				F3A99A261AA0780F00A0FD21 /* Frameworks */,
				F3A99A271AA0780F00A0FD21 /* Resources */,
			);
			buildRules = (
			);
			dependencies = (
				F3A99A2B1AA0780F00A0FD21 /* PBXTargetDependency */,
			);
			name = BDInfiniteLabelTests;
			productName = BDInfiniteLabelTests;
			productReference = F3A99A291AA0780F00A0FD21 /* BDInfiniteLabelTests.xctest */;
			productType = "com.apple.product-type.bundle.unit-test";
		};
/* End PBXNativeTarget section */

/* Begin PBXProject section */
		F3A99A081AA0780F00A0FD21 /* Project object */ = {
			isa = PBXProject;
			attributes = {
				LastUpgradeCheck = 0610;
				ORGANIZATIONNAME = bluedot;
				TargetAttributes = {
					F3A99A0F1AA0780F00A0FD21 = {
						CreatedOnToolsVersion = 6.1.1;
					};
					F3A99A281AA0780F00A0FD21 = {
						CreatedOnToolsVersion = 6.1.1;
						TestTargetID = F3A99A0F1AA0780F00A0FD21;
					};
				};
			};
			buildConfigurationList = F3A99A0B1AA0780F00A0FD21 /* Build configuration list for PBXProject "BDInfiniteLabel" */;
			compatibilityVersion = "Xcode 3.2";
			developmentRegion = English;
			hasScannedForEncodings = 0;
			knownRegions = (
				en,
				Base,
			);
			mainGroup = F3A99A071AA0780F00A0FD21;
			productRefGroup = F3A99A111AA0780F00A0FD21 /* Products */;
			projectDirPath = "";
			projectRoot = "";
			targets = (
				F3A99A0F1AA0780F00A0FD21 /* BDInfiniteLabel */,
				F3A99A281AA0780F00A0FD21 /* BDInfiniteLabelTests */,
			);
		};
/* End PBXProject section */

/* Begin PBXResourcesBuildPhase section */
		F3A99A0E1AA0780F00A0FD21 /* Resources */ = {
			isa = PBXResourcesBuildPhase;
			buildActionMask = 2147483647;
			files = (
				F3A99A1F1AA0780F00A0FD21 /* Main.storyboard in Resources */,
				F3A99A241AA0780F00A0FD21 /* LaunchScreen.xib in Resources */,
				F3A99A211AA0780F00A0FD21 /* Images.xcassets in Resources */,
			);
			runOnlyForDeploymentPostprocessing = 0;
		};
		F3A99A271AA0780F00A0FD21 /* Resources */ = {
			isa = PBXResourcesBuildPhase;
			buildActionMask = 2147483647;
			files = (
			);
			runOnlyForDeploymentPostprocessing = 0;
		};
/* End PBXResourcesBuildPhase section */

/* Begin PBXSourcesBuildPhase section */
		F3A99A0C1AA0780F00A0FD21 /* Sources */ = {
			isa = PBXSourcesBuildPhase;
			buildActionMask = 2147483647;
			files = (
				F3A99A3B1AA0784500A0FD21 /* BDInfiniteLabel.m in Sources */,
				F3A99A1C1AA0780F00A0FD21 /* ViewController.m in Sources */,
				F3A99A191AA0780F00A0FD21 /* AppDelegate.m in Sources */,
				F3A99A161AA0780F00A0FD21 /* main.m in Sources */,
			);
			runOnlyForDeploymentPostprocessing = 0;
		};
		F3A99A251AA0780F00A0FD21 /* Sources */ = {
			isa = PBXSourcesBuildPhase;
			buildActionMask = 2147483647;
			files = (
				F3A99A301AA0780F00A0FD21 /* BDInfiniteLabelTests.m in Sources */,
			);
			runOnlyForDeploymentPostprocessing = 0;
		};
/* End PBXSourcesBuildPhase section */

/* Begin PBXTargetDependency section */
		F3A99A2B1AA0780F00A0FD21 /* PBXTargetDependency */ = {
			isa = PBXTargetDependency;
			target = F3A99A0F1AA0780F00A0FD21 /* BDInfiniteLabel */;
			targetProxy = F3A99A2A1AA0780F00A0FD21 /* PBXContainerItemProxy */;
		};
/* End PBXTargetDependency section */

/* Begin PBXVariantGroup section */
		F3A99A1D1AA0780F00A0FD21 /* Main.storyboard */ = {
			isa = PBXVariantGroup;
			children = (
				F3A99A1E1AA0780F00A0FD21 /* Base */,
			);
			name = Main.storyboard;
			sourceTree = "<group>";
		};
		F3A99A221AA0780F00A0FD21 /* LaunchScreen.xib */ = {
			isa = PBXVariantGroup;
			children = (
				F3A99A231AA0780F00A0FD21 /* Base */,
			);
			name = LaunchScreen.xib;
			sourceTree = "<group>";
		};
/* End PBXVariantGroup section */

/* Begin XCBuildConfiguration section */
		F3A99A311AA0780F00A0FD21 /* Debug */ = {
			isa = XCBuildConfiguration;
			buildSettings = {
				ALWAYS_SEARCH_USER_PATHS = NO;
				CLANG_CXX_LANGUAGE_STANDARD = "gnu++0x";
				CLANG_CXX_LIBRARY = "libc++";
				CLANG_ENABLE_MODULES = YES;
				CLANG_ENABLE_OBJC_ARC = YES;
				CLANG_WARN_BOOL_CONVERSION = YES;
				CLANG_WARN_CONSTANT_CONVERSION = YES;
				CLANG_WARN_DIRECT_OBJC_ISA_USAGE = YES_ERROR;
				CLANG_WARN_EMPTY_BODY = YES;
				CLANG_WARN_ENUM_CONVERSION = YES;
				CLANG_WARN_INT_CONVERSION = YES;
				CLANG_WARN_OBJC_ROOT_CLASS = YES_ERROR;
				CLANG_WARN_UNREACHABLE_CODE = YES;
				CLANG_WARN__DUPLICATE_METHOD_MATCH = YES;
				"CODE_SIGN_IDENTITY[sdk=iphoneos*]" = "iPhone Developer";
				COPY_PHASE_STRIP = NO;
				ENABLE_STRICT_OBJC_MSGSEND = YES;
				GCC_C_LANGUAGE_STANDARD = gnu99;
				GCC_DYNAMIC_NO_PIC = NO;
				GCC_OPTIMIZATION_LEVEL = 0;
				GCC_PREPROCESSOR_DEFINITIONS = (
					"DEBUG=1",
					"$(inherited)",
				);
				GCC_SYMBOLS_PRIVATE_EXTERN = NO;
				GCC_WARN_64_TO_32_BIT_CONVERSION = YES;
				GCC_WARN_ABOUT_RETURN_TYPE = YES_ERROR;
				GCC_WARN_UNDECLARED_SELECTOR = YES;
				GCC_WARN_UNINITIALIZED_AUTOS = YES_AGGRESSIVE;
				GCC_WARN_UNUSED_FUNCTION = YES;
				GCC_WARN_UNUSED_VARIABLE = YES;
				IPHONEOS_DEPLOYMENT_TARGET = 8.1;
				MTL_ENABLE_DEBUG_INFO = YES;
				ONLY_ACTIVE_ARCH = YES;
				SDKROOT = iphoneos;
			};
			name = Debug;
		};
		F3A99A321AA0780F00A0FD21 /* Release */ = {
			isa = XCBuildConfiguration;
			buildSettings = {
				ALWAYS_SEARCH_USER_PATHS = NO;
				CLANG_CXX_LANGUAGE_STANDARD = "gnu++0x";
				CLANG_CXX_LIBRARY = "libc++";
				CLANG_ENABLE_MODULES = YES;
				CLANG_ENABLE_OBJC_ARC = YES;
				CLANG_WARN_BOOL_CONVERSION = YES;
				CLANG_WARN_CONSTANT_CONVERSION = YES;
				CLANG_WARN_DIRECT_OBJC_ISA_USAGE = YES_ERROR;
				CLANG_WARN_EMPTY_BODY = YES;
				CLANG_WARN_ENUM_CONVERSION = YES;
				CLANG_WARN_INT_CONVERSION = YES;
				CLANG_WARN_OBJC_ROOT_CLASS = YES_ERROR;
				CLANG_WARN_UNREACHABLE_CODE = YES;
				CLANG_WARN__DUPLICATE_METHOD_MATCH = YES;
				"CODE_SIGN_IDENTITY[sdk=iphoneos*]" = "iPhone Developer";
				COPY_PHASE_STRIP = YES;
				ENABLE_NS_ASSERTIONS = NO;
				ENABLE_STRICT_OBJC_MSGSEND = YES;
				GCC_C_LANGUAGE_STANDARD = gnu99;
				GCC_WARN_64_TO_32_BIT_CONVERSION = YES;
				GCC_WARN_ABOUT_RETURN_TYPE = YES_ERROR;
				GCC_WARN_UNDECLARED_SELECTOR = YES;
				GCC_WARN_UNINITIALIZED_AUTOS = YES_AGGRESSIVE;
				GCC_WARN_UNUSED_FUNCTION = YES;
				GCC_WARN_UNUSED_VARIABLE = YES;
				IPHONEOS_DEPLOYMENT_TARGET = 8.1;
				MTL_ENABLE_DEBUG_INFO = NO;
				SDKROOT = iphoneos;
				VALIDATE_PRODUCT = YES;
			};
			name = Release;
		};
		F3A99A341AA0780F00A0FD21 /* Debug */ = {
			isa = XCBuildConfiguration;
			buildSettings = {
				ASSETCATALOG_COMPILER_APPICON_NAME = AppIcon;
				INFOPLIST_FILE = BDInfiniteLabel/Info.plist;
				LD_RUNPATH_SEARCH_PATHS = "$(inherited) @executable_path/Frameworks";
				PRODUCT_NAME = "$(TARGET_NAME)";
			};
			name = Debug;
		};
		F3A99A351AA0780F00A0FD21 /* Release */ = {
			isa = XCBuildConfiguration;
			buildSettings = {
				ASSETCATALOG_COMPILER_APPICON_NAME = AppIcon;
				INFOPLIST_FILE = BDInfiniteLabel/Info.plist;
				LD_RUNPATH_SEARCH_PATHS = "$(inherited) @executable_path/Frameworks";
				PRODUCT_NAME = "$(TARGET_NAME)";
			};
			name = Release;
		};
		F3A99A371AA0780F00A0FD21 /* Debug */ = {
			isa = XCBuildConfiguration;
			buildSettings = {
				BUNDLE_LOADER = "$(TEST_HOST)";
				FRAMEWORK_SEARCH_PATHS = (
					"$(SDKROOT)/Developer/Library/Frameworks",
					"$(inherited)",
				);
				GCC_PREPROCESSOR_DEFINITIONS = (
					"DEBUG=1",
					"$(inherited)",
				);
				INFOPLIST_FILE = BDInfiniteLabelTests/Info.plist;
				LD_RUNPATH_SEARCH_PATHS = "$(inherited) @executable_path/Frameworks @loader_path/Frameworks";
				PRODUCT_NAME = "$(TARGET_NAME)";
				TEST_HOST = "$(BUILT_PRODUCTS_DIR)/BDInfiniteLabel.app/BDInfiniteLabel";
			};
			name = Debug;
		};
		F3A99A381AA0780F00A0FD21 /* Release */ = {
			isa = XCBuildConfiguration;
			buildSettings = {
				BUNDLE_LOADER = "$(TEST_HOST)";
				FRAMEWORK_SEARCH_PATHS = (
					"$(SDKROOT)/Developer/Library/Frameworks",
					"$(inherited)",
				);
				INFOPLIST_FILE = BDInfiniteLabelTests/Info.plist;
				LD_RUNPATH_SEARCH_PATHS = "$(inherited) @executable_path/Frameworks @loader_path/Frameworks";
				PRODUCT_NAME = "$(TARGET_NAME)";
				TEST_HOST = "$(BUILT_PRODUCTS_DIR)/BDInfiniteLabel.app/BDInfiniteLabel";
			};
			name = Release;
		};
/* End XCBuildConfiguration section */

/* Begin XCConfigurationList section */
		F3A99A0B1AA0780F00A0FD21 /* Build configuration list for PBXProject "BDInfiniteLabel" */ = {
			isa = XCConfigurationList;
			buildConfigurations = (
				F3A99A311AA0780F00A0FD21 /* Debug */,
				F3A99A321AA0780F00A0FD21 /* Release */,
			);
			defaultConfigurationIsVisible = 0;
			defaultConfigurationName = Release;
		};
		F3A99A331AA0780F00A0FD21 /* Build configuration list for PBXNativeTarget "BDInfiniteLabel" */ = {
			isa = XCConfigurationList;
			buildConfigurations = (
				F3A99A341AA0780F00A0FD21 /* Debug */,
				F3A99A351AA0780F00A0FD21 /* Release */,
			);
			defaultConfigurationIsVisible = 0;
		};
		F3A99A361AA0780F00A0FD21 /* Build configuration list for PBXNativeTarget "BDInfiniteLabelTests" */ = {
			isa = XCConfigurationList;
			buildConfigurations = (
				F3A99A371AA0780F00A0FD21 /* Debug */,
				F3A99A381AA0780F00A0FD21 /* Release */,
			);
			defaultConfigurationIsVisible = 0;
		};
/* End XCConfigurationList section */
	};
	rootObject = F3A99A081AA0780F00A0FD21 /* Project object */;
}
